
Microsoft Visual Studio Solution File, Format Version 12.00
# Visual Studio 2013
VisualStudioVersion = 12.0.40629.0
MinimumVisualStudioVersion = 10.0.40219.1
Project("{8BC9CEB8-8B4A-11D0-8D11-00A0C91BC942}") = "testcrc", "testcrc.vcxproj", "{6E72C023-7702-4745-95F4-6210E98C83F2}"
EndProject
Project("{8BC9CEB8-8B4A-11D0-8D11-00A0C91BC942}") = "libajantv2", "..\..\..\ajalibraries\ajantv2\build\libajantv2_vs12.vcxproj", "{5CB46D0F-27CA-4A59-AB0A-1DFBDB44CAA2}"
EndProject
Global
	GlobalSection(SolutionConfigurationPlatforms) = preSolution
		Debug|Win32 = Debug|Win32
		Debug|x64 = Debug|x64
		Release|Win32 = Release|Win32
		Release|x64 = Release|x64
	EndGlobalSection
	GlobalSection(ProjectConfigurationPlatforms) = postSolution
		{6E72C023-7702-4745-95F4-6210E98C83F2}.Debug|Win32.ActiveCfg = Debug|Win32
		{6E72C023-7702-4745-95F4-6210E98C83F2}.Debug|Win32.Build.0 = Debug|Win32
		{6E72C023-7702-4745-95F4-6210E98C83F2}.Debug|x64.ActiveCfg = Debug|x64
		{6E72C023-7702-4745-95F4-6210E98C83F2}.Debug|x64.Build.0 = Debug|x64
		{6E72C023-7702-4745-95F4-6210E98C83F2}.Release|Win32.ActiveCfg = Release|Win32
		{6E72C023-7702-4745-95F4-6210E98C83F2}.Release|Win32.Build.0 = Release|Win32
		{6E72C023-7702-4745-95F4-6210E98C83F2}.Release|x64.ActiveCfg = Release|x64
		{6E72C023-7702-4745-95F4-6210E98C83F2}.Release|x64.Build.0 = Release|x64
		{5CB46D0F-27CA-4A59-AB0A-1DFBDB44CAA2}.Debug|Win32.ActiveCfg = Debug|Win32
		{5CB46D0F-27CA-4A59-AB0A-1DFBDB44CAA2}.Debug|Win32.Build.0 = Debug|Win32
		{5CB46D0F-27CA-4A59-AB0A-1DFBDB44CAA2}.Debug|x64.ActiveCfg = Debug|x64
		{5CB46D0F-27CA-4A59-AB0A-1DFBDB44CAA2}.Debug|x64.Build.0 = Debug|x64
		{5CB46D0F-27CA-4A59-AB0A-1DFBDB44CAA2}.Release|Win32.ActiveCfg = Release|Win32
		{5CB46D0F-27CA-4A59-AB0A-1DFBDB44CAA2}.Release|Win32.Build.0 = Release|Win32
		{5CB46D0F-27CA-4A59-AB0A-1DFBDB44CAA2}.Release|x64.ActiveCfg = Release|x64
		{5CB46D0F-27CA-4A59-AB0A-1DFBDB44CAA2}.Release|x64.Build.0 = Release|x64
	EndGlobalSection
	GlobalSection(SolutionProperties) = preSolution
		HideSolutionNode = FALSE
	EndGlobalSection
EndGlobal
