
Microsoft Visual Studio Solution File, Format Version 12.00
# Visual Studio 15
VisualStudioVersion = 15.0.28307.1433
MinimumVisualStudioVersion = 10.0.40219.1
Project("{8BC9CEB8-8B4A-11D0-8D11-00A0C91BC942}") = "ntv2CUDAProcessWithPreview", "ntv2CUDAProcessWithPreview.vcxproj", "{4417B1F6-E78A-4B93-856C-959BAD3A9C05}"
EndProject
Global
	GlobalSection(SolutionConfigurationPlatforms) = preSolution
		Debug|x64 = Debug|x64
		Release|x64 = Release|x64
	EndGlobalSection
	GlobalSection(ProjectConfigurationPlatforms) = postSolution
		{4417B1F6-E78A-4B93-856C-959BAD3A9C05}.Debug|x64.ActiveCfg = Debug|x64
		{4417B1F6-E78A-4B93-856C-959BAD3A9C05}.Debug|x64.Build.0 = Debug|x64
		{4417B1F6-E78A-4B93-856C-959BAD3A9C05}.Release|x64.ActiveCfg = Release|x64
		{4417B1F6-E78A-4B93-856C-959BAD3A9C05}.Release|x64.Build.0 = Release|x64
	EndGlobalSection
	GlobalSection(SolutionProperties) = preSolution
		HideSolutionNode = FALSE
	EndGlobalSection
	GlobalSection(ExtensibilityGlobals) = postSolution
		SolutionGuid = {288A2292-229D-4D80-BB3C-5F3769814403}
	EndGlobalSection
EndGlobal
